<?xml version="1.0" encoding="utf-8"?>
<Project ToolsVersion="4.0" xmlns="http://schemas.microsoft.com/developer/msbuild/2003">
  <ItemGroup>
    <Filter Include="Source Files">
      <UniqueIdentifier>{4FC737F1-C7A5-4376-A066-2A32D752A2FF}</UniqueIdentifier>
      <Extensions>cpp;c;cc;cxx;c++;cppm;ixx;def;odl;idl;hpj;bat;asm;asmx</Extensions>
    </Filter>
    <Filter Include="Header Files">
      <UniqueIdentifier>{93995380-89BD-4b04-88EB-625FBE52EBFB}</UniqueIdentifier>
      <Extensions>h;hh;hpp;hxx;h++;hm;inl;inc;ipp;xsd</Extensions>
    </Filter>
    <Filter Include="Resource Files">
      <UniqueIdentifier>{67DA6AB6-F800-4c08-8B7A-83BB121AAD01}</UniqueIdentifier>
      <Extensions>rc;ico;cur;bmp;dlg;rc2;rct;bin;rgs;gif;jpg;jpeg;jpe;resx;tiff;tif;png;wav;mfcribbon-ms</Extensions>
    </Filter>
  </ItemGroup>
  <ItemGroup>
    <ClInclude Include="application.h">
      <Filter>Header Files</Filter>
    </ClInclude>
    <ClInclude Include="mainframe.h">
      <Filter>Header Files</Filter>
    </ClInclude>
    <ClInclude Include="logger.h">
      <Filter>Header Files</Filter>
    </ClInclude>
    <ClInclude Include="pdp11adapter.h">
      <Filter>Header Files</Filter>
    </ClInclude>
    <ClInclude Include="pdp11adapter34phys.h">
      <Filter>Header Files</Filter>
    </ClInclude>
    <ClInclude Include="pdp11adapter40phys.h">
      <Filter>Header Files</Filter>
    </ClInclude>
    <ClInclude Include="pdp11adapter40sim.h">
      <Filter>Header Files</Filter>
    </ClInclude>
    <ClInclude Include="documentpageannotations.h">
      <Filter>Header Files</Filter>
    </ClInclude>
    <ClInclude Include="..\common\messages.h">
      <Filter>Header Files</Filter>
    </ClInclude>
    <ClInclude Include="..\common\memoryimage.h">
      <Filter>Header Files</Filter>
    </ClInclude>
    <ClInclude Include="memorygridcontroller.h">
      <Filter>Header Files</Filter>
    </ClInclude>
    <ClInclude Include="keywords.h">
      <Filter>Header Files</Filter>
    </ClInclude>
    <ClInclude Include="uTracer11FB.h">
      <Filter>Header Files</Filter>
    </ClInclude>
    <ClInclude Include="tracecontroller.h">
      <Filter>Header Files</Filter>
    </ClInclude>
    <ClInclude Include="pdp11adapter34.h">
      <Filter>Header Files</Filter>
    </ClInclude>
    <ClInclude Include="pdp11adapter34sim.h">
      <Filter>Header Files</Filter>
    </ClInclude>
    <ClInclude Include="..\common\utils.h">
      <Filter>Header Files</Filter>
    </ClInclude>
    <ClInclude Include="pdp11adapter40.h">
      <Filter>Header Files</Filter>
    </ClInclude>
    <ClInclude Include="..\common\csvreader.h">
      <Filter>Header Files</Filter>
    </ClInclude>
    <ClInclude Include="messageinterface.h">
      <Filter>Header Files</Filter>
    </ClInclude>
    <ClInclude Include="messageinterfaceserial.h">
      <Filter>Header Files</Filter>
    </ClInclude>
    <ClInclude Include="messageinterfacetcpip.h">
      <Filter>Header Files</Filter>
    </ClInclude>
    <ClInclude Include="..\common\pdp1140km11state.h">
      <Filter>Header Files</Filter>
    </ClInclude>
    <ClInclude Include="autostepcontroller.h">
      <Filter>Header Files</Filter>
    </ClInclude>
    <ClInclude Include="..\common\binary.h">
      <Filter>Header Files</Filter>
    </ClInclude>
  </ItemGroup>
  <ItemGroup>
    <ClCompile Include="application.cpp">
      <Filter>Source Files</Filter>
    </ClCompile>
    <ClCompile Include="mainframe.cpp">
      <Filter>Source Files</Filter>
    </ClCompile>
    <ClCompile Include="pdp11adapter34phys.cpp">
      <Filter>Source Files</Filter>
    </ClCompile>
    <ClCompile Include="pdp11adapter40phys.cpp">
      <Filter>Source Files</Filter>
    </ClCompile>
    <ClCompile Include="pdp11adapter40sim.cpp">
      <Filter>Source Files</Filter>
    </ClCompile>
    <ClCompile Include="pdp11adapter.cpp">
      <Filter>Source Files</Filter>
    </ClCompile>
    <ClCompile Include="documentpageannotations.cpp">
      <Filter>Source Files</Filter>
    </ClCompile>
    <ClCompile Include="..\common\messages.cpp">
      <Filter>Source Files</Filter>
    </ClCompile>
    <ClCompile Include="..\common\memoryimage.cpp">
      <Filter>Source Files</Filter>
    </ClCompile>
    <ClCompile Include="memorygridcontroller.cpp">
      <Filter>Source Files</Filter>
    </ClCompile>
    <ClCompile Include="keywords.cpp">
      <Filter>Source Files</Filter>
    </ClCompile>
    <ClCompile Include="uTracer11FB.cpp">
      <Filter>Source Files</Filter>
    </ClCompile>
    <ClCompile Include="tracecontroller.cpp">
      <Filter>Source Files</Filter>
    </ClCompile>
    <ClCompile Include="pdp11adapter34.cpp">
      <Filter>Source Files</Filter>
    </ClCompile>
    <ClCompile Include="pdp11adapter34sim.cpp">
      <Filter>Source Files</Filter>
    </ClCompile>
    <ClCompile Include="..\common\csvreader.cpp">
      <Filter>Source Files</Filter>
    </ClCompile>
    <ClCompile Include="..\common\utils.cpp">
      <Filter>Source Files</Filter>
    </ClCompile>
    <ClCompile Include="pdp11adapter40.cpp">
      <Filter>Source Files</Filter>
    </ClCompile>
    <ClCompile Include="..\CSerialPort\src\SerialPort.cpp">
      <Filter>Source Files</Filter>
    </ClCompile>
    <ClCompile Include="..\CSerialPort\src\SerialPortBase.cpp">
      <Filter>Source Files</Filter>
    </ClCompile>
    <ClCompile Include="..\CSerialPort\src\SerialPortInfo.cpp">
      <Filter>Source Files</Filter>
    </ClCompile>
    <ClCompile Include="..\CSerialPort\src\SerialPortInfoBase.cpp">
      <Filter>Source Files</Filter>
    </ClCompile>
    <ClCompile Include="..\CSerialPort\src\SerialPortInfoUnixBase.cpp">
      <Filter>Source Files</Filter>
    </ClCompile>
    <ClCompile Include="..\CSerialPort\src\SerialPortInfoWinBase.cpp">
      <Filter>Source Files</Filter>
    </ClCompile>
    <ClCompile Include="..\CSerialPort\src\SerialPortWinBase.cpp">
      <Filter>Source Files</Filter>
    </ClCompile>
    <ClCompile Include="messageinterface.cpp">
      <Filter>Source Files</Filter>
    </ClCompile>
    <ClCompile Include="messageinterfaceserial.cpp">
      <Filter>Source Files</Filter>
    </ClCompile>
    <ClCompile Include="messageinterfacetcpip.cpp">
      <Filter>Source Files</Filter>
    </ClCompile>
    <ClCompile Include="..\common\pdp1140km11state.cpp">
      <Filter>Source Files</Filter>
    </ClCompile>
    <ClCompile Include="autostepcontroller.cpp">
      <Filter>Source Files</Filter>
    </ClCompile>
    <ClCompile Include="..\common\binary.cpp">
      <Filter>Source Files</Filter>
    </ClCompile>
  </ItemGroup>
</Project>